// !$*UTF8*$!
{
	archiveVersion = 1;
	classes = {
	};
	objectVersion = 48;
	objects = {

/* Begin PBXBuildFile section */
		2964C519204E75DA0076E5B4 /* AddViewController.swift in Sources */ = {isa = PBXBuildFile; fileRef = 2964C518204E75DA0076E5B4 /* AddViewController.swift */; };
		296BA13F2046AEBA00922D81 /* AppDelegate.swift in Sources */ = {isa = PBXBuildFile; fileRef = 296BA13E2046AEBA00922D81 /* AppDelegate.swift */; };
		296BA1412046AEBA00922D81 /* ViewController.swift in Sources */ = {isa = PBXBuildFile; fileRef = 296BA1402046AEBA00922D81 /* ViewController.swift */; };
		296BA1442046AEBA00922D81 /* Main.storyboard in Resources */ = {isa = PBXBuildFile; fileRef = 296BA1422046AEBA00922D81 /* Main.storyboard */; };
		296BA1462046AEBA00922D81 /* Assets.xcassets in Resources */ = {isa = PBXBuildFile; fileRef = 296BA1452046AEBA00922D81 /* Assets.xcassets */; };
		296BA1492046AEBA00922D81 /* LaunchScreen.storyboard in Resources */ = {isa = PBXBuildFile; fileRef = 296BA1472046AEBA00922D81 /* LaunchScreen.storyboard */; };
		296BA1532046B51600922D81 /* NanumSquareRoundL.ttf in Resources */ = {isa = PBXBuildFile; fileRef = 296BA1512046B51600922D81 /* NanumSquareRoundL.ttf */; };
		296BA1542046B51600922D81 /* NanumSquareRoundB.ttf in Resources */ = {isa = PBXBuildFile; fileRef = 296BA1522046B51600922D81 /* NanumSquareRoundB.ttf */; };
		296BA1562046D44D00922D81 /* ToDoViewCell.swift in Sources */ = {isa = PBXBuildFile; fileRef = 296BA1552046D44D00922D81 /* ToDoViewCell.swift */; };
/* End PBXBuildFile section */

/* Begin PBXFileReference section */
		2964C518204E75DA0076E5B4 /* AddViewController.swift */ = {isa = PBXFileReference; lastKnownFileType = sourcecode.swift; path = AddViewController.swift; sourceTree = "<group>"; };
		296BA13B2046AEBA00922D81 /* ToDoList.app */ = {isa = PBXFileReference; explicitFileType = wrapper.application; includeInIndex = 0; path = ToDoList.app; sourceTree = BUILT_PRODUCTS_DIR; };
		296BA13E2046AEBA00922D81 /* AppDelegate.swift */ = {isa = PBXFileReference; lastKnownFileType = sourcecode.swift; path = AppDelegate.swift; sourceTree = "<group>"; };
		296BA1402046AEBA00922D81 /* ViewController.swift */ = {isa = PBXFileReference; lastKnownFileType = sourcecode.swift; path = ViewController.swift; sourceTree = "<group>"; };
		296BA1432046AEBA00922D81 /* Base */ = {isa = PBXFileReference; lastKnownFileType = file.storyboard; name = Base; path = Base.lproj/Main.storyboard; sourceTree = "<group>"; };
		296BA1452046AEBA00922D81 /* Assets.xcassets */ = {isa = PBXFileReference; lastKnownFileType = folder.assetcatalog; path = Assets.xcassets; sourceTree = "<group>"; };
		296BA1482046AEBA00922D81 /* Base */ = {isa = PBXFileReference; lastKnownFileType = file.storyboard; name = Base; path = Base.lproj/LaunchScreen.storyboard; sourceTree = "<group>"; };
		296BA14A2046AEBA00922D81 /* Info.plist */ = {isa = PBXFileReference; lastKnownFileType = text.plist.xml; path = Info.plist; sourceTree = "<group>"; };
		296BA1512046B51600922D81 /* NanumSquareRoundL.ttf */ = {isa = PBXFileReference; lastKnownFileType = file; path = NanumSquareRoundL.ttf; sourceTree = "<group>"; };
		296BA1522046B51600922D81 /* NanumSquareRoundB.ttf */ = {isa = PBXFileReference; lastKnownFileType = file; path = NanumSquareRoundB.ttf; sourceTree = "<group>"; };
		296BA1552046D44D00922D81 /* ToDoViewCell.swift */ = {isa = PBXFileReference; lastKnownFileType = sourcecode.swift; path = ToDoViewCell.swift; sourceTree = "<group>"; };
/* End PBXFileReference section */

/* Begin PBXFrameworksBuildPhase section */
		296BA1382046AEBA00922D81 /* Frameworks */ = {
			isa = PBXFrameworksBuildPhase;
			buildActionMask = 2147483647;
			files = (
			);
			runOnlyForDeploymentPostprocessing = 0;
		};
/* End PBXFrameworksBuildPhase section */

/* Begin PBXGroup section */
		296BA1322046AEBA00922D81 = {
			isa = PBXGroup;
			children = (
				296BA13D2046AEBA00922D81 /* ToDoList */,
				296BA13C2046AEBA00922D81 /* Products */,
			);
			sourceTree = "<group>";
		};
		296BA13C2046AEBA00922D81 /* Products */ = {
			isa = PBXGroup;
			children = (
				296BA13B2046AEBA00922D81 /* ToDoList.app */,
			);
			name = Products;
			sourceTree = "<group>";
		};
		296BA13D2046AEBA00922D81 /* ToDoList */ = {
			isa = PBXGroup;
			children = (
				296BA1502046B47400922D81 /* Fonts */,
				296BA13E2046AEBA00922D81 /* AppDelegate.swift */,
				296BA1402046AEBA00922D81 /* ViewController.swift */,
				296BA1422046AEBA00922D81 /* Main.storyboard */,
				296BA1452046AEBA00922D81 /* Assets.xcassets */,
				296BA1472046AEBA00922D81 /* LaunchScreen.storyboard */,
				296BA14A2046AEBA00922D81 /* Info.plist */,
				296BA1552046D44D00922D81 /* ToDoViewCell.swift */,
				2964C518204E75DA0076E5B4 /* AddViewController.swift */,
			);
			path = ToDoList;
			sourceTree = "<group>";
		};
		296BA1502046B47400922D81 /* Fonts */ = {
			isa = PBXGroup;
			children = (
				296BA1522046B51600922D81 /* NanumSquareRoundB.ttf */,
				296BA1512046B51600922D81 /* NanumSquareRoundL.ttf */,
			);
			path = Fonts;
			sourceTree = "<group>";
		};
/* End PBXGroup section */

/* Begin PBXNativeTarget section */
		296BA13A2046AEBA00922D81 /* ToDoList */ = {
			isa = PBXNativeTarget;
			buildConfigurationList = 296BA14D2046AEBA00922D81 /* Build configuration list for PBXNativeTarget "ToDoList" */;
			buildPhases = (
				296BA1372046AEBA00922D81 /* Sources */,
				296BA1382046AEBA00922D81 /* Frameworks */,
				296BA1392046AEBA00922D81 /* Resources */,
			);
			buildRules = (
			);
			dependencies = (
			);
			name = ToDoList;
			productName = ToDoList;
			productReference = 296BA13B2046AEBA00922D81 /* ToDoList.app */;
			productType = "com.apple.product-type.application";
		};
/* End PBXNativeTarget section */

/* Begin PBXProject section */
		296BA1332046AEBA00922D81 /* Project object */ = {
			isa = PBXProject;
			attributes = {
				LastSwiftUpdateCheck = 0920;
				LastUpgradeCheck = 0920;
				ORGANIZATIONNAME = "SolChan Ahn";
				TargetAttributes = {
					296BA13A2046AEBA00922D81 = {
						CreatedOnToolsVersion = 9.2;
						ProvisioningStyle = Automatic;
					};
				};
			};
			buildConfigurationList = 296BA1362046AEBA00922D81 /* Build configuration list for PBXProject "ToDoList" */;
			compatibilityVersion = "Xcode 8.0";
			developmentRegion = en;
			hasScannedForEncodings = 0;
			knownRegions = (
				en,
				Base,
			);
			mainGroup = 296BA1322046AEBA00922D81;
			productRefGroup = 296BA13C2046AEBA00922D81 /* Products */;
			projectDirPath = "";
			projectRoot = "";
			targets = (
				296BA13A2046AEBA00922D81 /* ToDoList */,
			);
		};
/* End PBXProject section */

/* Begin PBXResourcesBuildPhase section */
		296BA1392046AEBA00922D81 /* Resources */ = {
			isa = PBXResourcesBuildPhase;
			buildActionMask = 2147483647;
			files = (
				296BA1492046AEBA00922D81 /* LaunchScreen.storyboard in Resources */,
				296BA1532046B51600922D81 /* NanumSquareRoundL.ttf in Resources */,
				296BA1462046AEBA00922D81 /* Assets.xcassets in Resources */,
				296BA1442046AEBA00922D81 /* Main.storyboard in Resources */,
				296BA1542046B51600922D81 /* NanumSquareRoundB.ttf in Resources */,
			);
			runOnlyForDeploymentPostprocessing = 0;
		};
/* End PBXResourcesBuildPhase section */

/* Begin PBXSourcesBuildPhase section */
		296BA1372046AEBA00922D81 /* Sources */ = {
			isa = PBXSourcesBuildPhase;
			buildActionMask = 2147483647;
			files = (
				296BA1412046AEBA00922D81 /* ViewController.swift in Sources */,
				296BA13F2046AEBA00922D81 /* AppDelegate.swift in Sources */,
				2964C519204E75DA0076E5B4 /* AddViewController.swift in Sources */,
				296BA1562046D44D00922D81 /* ToDoViewCell.swift in Sources */,
			);
			runOnlyForDeploymentPostprocessing = 0;
		};
/* End PBXSourcesBuildPhase section */

/* Begin PBXVariantGroup section */
		296BA1422046AEBA00922D81 /* Main.storyboard */ = {
			isa = PBXVariantGroup;
			children = (
				296BA1432046AEBA00922D81 /* Base */,
			);
			name = Main.storyboard;
			sourceTree = "<group>";
		};
		296BA1472046AEBA00922D81 /* LaunchScreen.storyboard */ = {
			isa = PBXVariantGroup;
			children = (
				296BA1482046AEBA00922D81 /* Base */,
			);
			name = LaunchScreen.storyboard;
			sourceTree = "<group>";
		};
/* End PBXVariantGroup section */

/* Begin XCBuildConfiguration section */
		296BA14B2046AEBA00922D81 /* Debug */ = {
			isa = XCBuildConfiguration;
			buildSettings = {
				ALWAYS_SEARCH_USER_PATHS = NO;
				CLANG_ANALYZER_NONNULL = YES;
				CLANG_ANALYZER_NUMBER_OBJECT_CONVERSION = YES_AGGRESSIVE;
				CLANG_CXX_LANGUAGE_STANDARD = "gnu++14";
				CLANG_CXX_LIBRARY = "libc++";
				CLANG_ENABLE_MODULES = YES;
				CLANG_ENABLE_OBJC_ARC = YES;
				CLANG_WARN_BLOCK_CAPTURE_AUTORELEASING = YES;
				CLANG_WARN_BOOL_CONVERSION = YES;
				CLANG_WARN_COMMA = YES;
				CLANG_WARN_CONSTANT_CONVERSION = YES;
				CLANG_WARN_DIRECT_OBJC_ISA_USAGE = YES_ERROR;
				CLANG_WARN_DOCUMENTATION_COMMENTS = YES;
				CLANG_WARN_EMPTY_BODY = YES;
				CLANG_WARN_ENUM_CONVERSION = YES;
				CLANG_WARN_INFINITE_RECURSION = YES;
				CLANG_WARN_INT_CONVERSION = YES;
				CLANG_WARN_NON_LITERAL_NULL_CONVERSION = YES;
				CLANG_WARN_OBJC_LITERAL_CONVERSION = YES;
				CLANG_WARN_OBJC_ROOT_CLASS = YES_ERROR;
				CLANG_WARN_RANGE_LOOP_ANALYSIS = YES;
				CLANG_WARN_STRICT_PROTOTYPES = YES;
				CLANG_WARN_SUSPICIOUS_MOVE = YES;
				CLANG_WARN_UNGUARDED_AVAILABILITY = YES_AGGRESSIVE;
				CLANG_WARN_UNREACHABLE_CODE = YES;
				CLANG_WARN__DUPLICATE_METHOD_MATCH = YES;
				CODE_SIGN_IDENTITY = "iPhone Developer";
				COPY_PHASE_STRIP = NO;
				DEBUG_INFORMATION_FORMAT = dwarf;
				ENABLE_STRICT_OBJC_MSGSEND = YES;
				ENABLE_TESTABILITY = YES;
				GCC_C_LANGUAGE_STANDARD = gnu11;
				GCC_DYNAMIC_NO_PIC = NO;
				GCC_NO_COMMON_BLOCKS = YES;
				GCC_OPTIMIZATION_LEVEL = 0;
				GCC_PREPROCESSOR_DEFINITIONS = (
					"DEBUG=1",
					"$(inherited)",
				);
				GCC_WARN_64_TO_32_BIT_CONVERSION = YES;
				GCC_WARN_ABOUT_RETURN_TYPE = YES_ERROR;
				GCC_WARN_UNDECLARED_SELECTOR = YES;
				GCC_WARN_UNINITIALIZED_AUTOS = YES_AGGRESSIVE;
				GCC_WARN_UNUSED_FUNCTION = YES;
				GCC_WARN_UNUSED_VARIABLE = YES;
				IPHONEOS_DEPLOYMENT_TARGET = 11.2;
				MTL_ENABLE_DEBUG_INFO = YES;
				ONLY_ACTIVE_ARCH = YES;
				SDKROOT = iphoneos;
				SWIFT_ACTIVE_COMPILATION_CONDITIONS = DEBUG;
				SWIFT_OPTIMIZATION_LEVEL = "-Onone";
			};
			name = Debug;
		};
		296BA14C2046AEBA00922D81 /* Release */ = {
			isa = XCBuildConfiguration;
			buildSettings = {
				ALWAYS_SEARCH_USER_PATHS = NO;
				CLANG_ANALYZER_NONNULL = YES;
				CLANG_ANALYZER_NUMBER_OBJECT_CONVERSION = YES_AGGRESSIVE;
				CLANG_CXX_LANGUAGE_STANDARD = "gnu++14";
				CLANG_CXX_LIBRARY = "libc++";
				CLANG_ENABLE_MODULES = YES;
				CLANG_ENABLE_OBJC_ARC = YES;
				CLANG_WARN_BLOCK_CAPTURE_AUTORELEASING = YES;
				CLANG_WARN_BOOL_CONVERSION = YES;
				CLANG_WARN_COMMA = YES;
				CLANG_WARN_CONSTANT_CONVERSION = YES;
				CLANG_WARN_DIRECT_OBJC_ISA_USAGE = YES_ERROR;
				CLANG_WARN_DOCUMENTATION_COMMENTS = YES;
				CLANG_WARN_EMPTY_BODY = YES;
				CLANG_WARN_ENUM_CONVERSION = YES;
				CLANG_WARN_INFINITE_RECURSION = YES;
				CLANG_WARN_INT_CONVERSION = YES;
				CLANG_WARN_NON_LITERAL_NULL_CONVERSION = YES;
				CLANG_WARN_OBJC_LITERAL_CONVERSION = YES;
				CLANG_WARN_OBJC_ROOT_CLASS = YES_ERROR;
				CLANG_WARN_RANGE_LOOP_ANALYSIS = YES;
				CLANG_WARN_STRICT_PROTOTYPES = YES;
				CLANG_WARN_SUSPICIOUS_MOVE = YES;
				CLANG_WARN_UNGUARDED_AVAILABILITY = YES_AGGRESSIVE;
				CLANG_WARN_UNREACHABLE_CODE = YES;
				CLANG_WARN__DUPLICATE_METHOD_MATCH = YES;
				CODE_SIGN_IDENTITY = "iPhone Developer";
				COPY_PHASE_STRIP = NO;
				DEBUG_INFORMATION_FORMAT = "dwarf-with-dsym";
				ENABLE_NS_ASSERTIONS = NO;
				ENABLE_STRICT_OBJC_MSGSEND = YES;
				GCC_C_LANGUAGE_STANDARD = gnu11;
				GCC_NO_COMMON_BLOCKS = YES;
				GCC_WARN_64_TO_32_BIT_CONVERSION = YES;
				GCC_WARN_ABOUT_RETURN_TYPE = YES_ERROR;
				GCC_WARN_UNDECLARED_SELECTOR = YES;
				GCC_WARN_UNINITIALIZED_AUTOS = YES_AGGRESSIVE;
				GCC_WARN_UNUSED_FUNCTION = YES;
				GCC_WARN_UNUSED_VARIABLE = YES;
				IPHONEOS_DEPLOYMENT_TARGET = 11.2;
				MTL_ENABLE_DEBUG_INFO = NO;
				SDKROOT = iphoneos;
				SWIFT_OPTIMIZATION_LEVEL = "-Owholemodule";
				VALIDATE_PRODUCT = YES;
			};
			name = Release;
		};
		296BA14E2046AEBA00922D81 /* Debug */ = {
			isa = XCBuildConfiguration;
			buildSettings = {
				ASSETCATALOG_COMPILER_APPICON_NAME = AppIcon;
				CODE_SIGN_STYLE = Automatic;
				INFOPLIST_FILE = ToDoList/Info.plist;
				LD_RUNPATH_SEARCH_PATHS = "$(inherited) @executable_path/Frameworks";
				PRODUCT_BUNDLE_IDENTIFIER = com.perudot.ToDoList;
				PRODUCT_NAME = "$(TARGET_NAME)";
				SWIFT_VERSION = 4.0;
				TARGETED_DEVICE_FAMILY = "1,2";
			};
			name = Debug;
		};
		296BA14F2046AEBA00922D81 /* Release */ = {
			isa = XCBuildConfiguration;
			buildSettings = {
				ASSETCATALOG_COMPILER_APPICON_NAME = AppIcon;
				CODE_SIGN_STYLE = Automatic;
				INFOPLIST_FILE = ToDoList/Info.plist;
				LD_RUNPATH_SEARCH_PATHS = "$(inherited) @executable_path/Frameworks";
				PRODUCT_BUNDLE_IDENTIFIER = com.perudot.ToDoList;
				PRODUCT_NAME = "$(TARGET_NAME)";
				SWIFT_VERSION = 4.0;
				TARGETED_DEVICE_FAMILY = "1,2";
			};
			name = Release;
		};
/* End XCBuildConfiguration section */

/* Begin XCConfigurationList section */
		296BA1362046AEBA00922D81 /* Build configuration list for PBXProject "ToDoList" */ = {
			isa = XCConfigurationList;
			buildConfigurations = (
				296BA14B2046AEBA00922D81 /* Debug */,
				296BA14C2046AEBA00922D81 /* Release */,
			);
			defaultConfigurationIsVisible = 0;
			defaultConfigurationName = Release;
		};
		296BA14D2046AEBA00922D81 /* Build configuration list for PBXNativeTarget "ToDoList" */ = {
			isa = XCConfigurationList;
			buildConfigurations = (
				296BA14E2046AEBA00922D81 /* Debug */,
				296BA14F2046AEBA00922D81 /* Release */,
			);
			defaultConfigurationIsVisible = 0;
			defaultConfigurationName = Release;
		};
/* End XCConfigurationList section */
	};
	rootObject = 296BA1332046AEBA00922D81 /* Project object */;
}
